// !$*UTF8*$!
{
	archiveVersion = 1;
	classes = {
	};
	objectVersion = 46;
	objects = {

/* Begin PBXBuildFile section */
		A2723ABC1F3EF25F00B06E3D /* main.cpp in Sources */ = {isa = PBXBuildFile; fileRef = A2723ABB1F3EF25F00B06E3D /* main.cpp */; };
		A2723AD41F3EF3A600B06E3D /* SDL2_gfx.framework in Frameworks */ = {isa = PBXBuildFile; fileRef = A2723ACE1F3EF3A600B06E3D /* SDL2_gfx.framework */; };
		A2723AD51F3EF3A600B06E3D /* SDL2_image.framework in Frameworks */ = {isa = PBXBuildFile; fileRef = A2723ACF1F3EF3A600B06E3D /* SDL2_image.framework */; };
		A2723AD61F3EF3A600B06E3D /* SDL2_mixer.framework in Frameworks */ = {isa = PBXBuildFile; fileRef = A2723AD01F3EF3A600B06E3D /* SDL2_mixer.framework */; };
		A2723AD71F3EF3A600B06E3D /* SDL2_net.framework in Frameworks */ = {isa = PBXBuildFile; fileRef = A2723AD11F3EF3A600B06E3D /* SDL2_net.framework */; };
		A2723AD81F3EF3A600B06E3D /* SDL2_ttf.framework in Frameworks */ = {isa = PBXBuildFile; fileRef = A2723AD21F3EF3A600B06E3D /* SDL2_ttf.framework */; };
		A2723AD91F3EF3A600B06E3D /* SDL2.framework in Frameworks */ = {isa = PBXBuildFile; fileRef = A2723AD31F3EF3A600B06E3D /* SDL2.framework */; };
		A2723B0A1F3EF3E400B06E3D /* Drawable.cpp in Sources */ = {isa = PBXBuildFile; fileRef = A2723ADA1F3EF3E400B06E3D /* Drawable.cpp */; };
		A2723B0C1F3EF3E400B06E3D /* HitBox.cpp in Sources */ = {isa = PBXBuildFile; fileRef = A2723ADC1F3EF3E400B06E3D /* HitBox.cpp */; };
		A2723B0E1F3EF3E400B06E3D /* IdElement.cpp in Sources */ = {isa = PBXBuildFile; fileRef = A2723ADE1F3EF3E400B06E3D /* IdElement.cpp */; };
		A2723B101F3EF3E400B06E3D /* Position.cpp in Sources */ = {isa = PBXBuildFile; fileRef = A2723AE01F3EF3E400B06E3D /* Position.cpp */; };
		A2723B121F3EF3E400B06E3D /* Bombe.cpp in Sources */ = {isa = PBXBuildFile; fileRef = A2723AE21F3EF3E400B06E3D /* Bombe.cpp */; };
		A2723B141F3EF3E400B06E3D /* Game.cpp in Sources */ = {isa = PBXBuildFile; fileRef = A2723AE41F3EF3E400B06E3D /* Game.cpp */; };
		A2723B161F3EF3E400B06E3D /* Player.cpp in Sources */ = {isa = PBXBuildFile; fileRef = A2723AE61F3EF3E400B06E3D /* Player.cpp */; };
		A2723B181F3EF3E400B06E3D /* Hammerfest.cpp in Sources */ = {isa = PBXBuildFile; fileRef = A2723AE81F3EF3E400B06E3D /* Hammerfest.cpp */; };
		A2723B1A1F3EF3E400B06E3D /* Family.cpp in Sources */ = {isa = PBXBuildFile; fileRef = A2723AEA1F3EF3E400B06E3D /* Family.cpp */; };
		A2723B1C1F3EF3E400B06E3D /* Item.cpp in Sources */ = {isa = PBXBuildFile; fileRef = A2723AEC1F3EF3E400B06E3D /* Item.cpp */; };
		A2723B1E1F3EF3E400B06E3D /* ItemFileSystem.cpp in Sources */ = {isa = PBXBuildFile; fileRef = A2723AEE1F3EF3E400B06E3D /* ItemFileSystem.cpp */; };
		A2723B201F3EF3E400B06E3D /* Quest.cpp in Sources */ = {isa = PBXBuildFile; fileRef = A2723AF01F3EF3E400B06E3D /* Quest.cpp */; };
		A2723B221F3EF3E400B06E3D /* Decor.cpp in Sources */ = {isa = PBXBuildFile; fileRef = A2723AF21F3EF3E400B06E3D /* Decor.cpp */; };
		A2723B241F3EF3E400B06E3D /* Door.cpp in Sources */ = {isa = PBXBuildFile; fileRef = A2723AF41F3EF3E400B06E3D /* Door.cpp */; };
		A2723B261F3EF3E400B06E3D /* Ennemie.cpp in Sources */ = {isa = PBXBuildFile; fileRef = A2723AF61F3EF3E400B06E3D /* Ennemie.cpp */; };
		A2723B281F3EF3E400B06E3D /* Event.cpp in Sources */ = {isa = PBXBuildFile; fileRef = A2723AF81F3EF3E400B06E3D /* Event.cpp */; };
		A2723B2A1F3EF3E400B06E3D /* Level.cpp in Sources */ = {isa = PBXBuildFile; fileRef = A2723AFA1F3EF3E400B06E3D /* Level.cpp */; };
		A2723B2C1F3EF3E400B06E3D /* Lock.cpp in Sources */ = {isa = PBXBuildFile; fileRef = A2723AFC1F3EF3E400B06E3D /* Lock.cpp */; };
		A2723B2E1F3EF3E400B06E3D /* Pick.cpp in Sources */ = {isa = PBXBuildFile; fileRef = A2723AFE1F3EF3E400B06E3D /* Pick.cpp */; };
		A2723B301F3EF3E400B06E3D /* Platform.cpp in Sources */ = {isa = PBXBuildFile; fileRef = A2723B001F3EF3E400B06E3D /* Platform.cpp */; };
		A2723B321F3EF3E400B06E3D /* Rayon.cpp in Sources */ = {isa = PBXBuildFile; fileRef = A2723B021F3EF3E400B06E3D /* Rayon.cpp */; };
		A2723B341F3EF3E400B06E3D /* Teleporter.cpp in Sources */ = {isa = PBXBuildFile; fileRef = A2723B041F3EF3E400B06E3D /* Teleporter.cpp */; };
		A2723B361F3EF3E400B06E3D /* Vortex.cpp in Sources */ = {isa = PBXBuildFile; fileRef = A2723B061F3EF3E400B06E3D /* Vortex.cpp */; };
		A2723B451F3EF47B00B06E3D /* GameConfig.cpp in Sources */ = {isa = PBXBuildFile; fileRef = A2723B3A1F3EF47B00B06E3D /* GameConfig.cpp */; };
		A2723B471F3EF47B00B06E3D /* Jsoncpp.cpp in Sources */ = {isa = PBXBuildFile; fileRef = A2723B3C1F3EF47B00B06E3D /* Jsoncpp.cpp */; };
		A2723B481F3EF47B00B06E3D /* LevelService.cpp in Sources */ = {isa = PBXBuildFile; fileRef = A2723B3D1F3EF47B00B06E3D /* LevelService.cpp */; };
		A2723B4A1F3EF47B00B06E3D /* Sound.cpp in Sources */ = {isa = PBXBuildFile; fileRef = A2723B3F1F3EF47B00B06E3D /* Sound.cpp */; };
		A2723B4C1F3EF47B00B06E3D /* Sprite.cpp in Sources */ = {isa = PBXBuildFile; fileRef = A2723B411F3EF47B00B06E3D /* Sprite.cpp */; };
		A2723B4E1F3EF47B00B06E3D /* Text.cpp in Sources */ = {isa = PBXBuildFile; fileRef = A2723B431F3EF47B00B06E3D /* Text.cpp */; };
		A2C9664F1FC9C3AC00E07080 /* sound_black_bombe.wav in CopyFiles */ = {isa = PBXBuildFile; fileRef = A2C9663C1FC9C3AC00E07080 /* sound_black_bombe.wav */; };
		A2C966501FC9C3AC00E07080 /* sound_blue_bombe.wav in CopyFiles */ = {isa = PBXBuildFile; fileRef = A2C9663D1FC9C3AC00E07080 /* sound_blue_bombe.wav */; };
		A2C966511FC9C3AC00E07080 /* sound_change_type.wav in CopyFiles */ = {isa = PBXBuildFile; fileRef = A2C9663E1FC9C3AC00E07080 /* sound_change_type.wav */; };
		A2C966521FC9C3AC00E07080 /* sound_cristal.wav in CopyFiles */ = {isa = PBXBuildFile; fileRef = A2C9663F1FC9C3AC00E07080 /* sound_cristal.wav */; };
		A2C966531FC9C3AC00E07080 /* sound_dead.wav in CopyFiles */ = {isa = PBXBuildFile; fileRef = A2C966401FC9C3AC00E07080 /* sound_dead.wav */; };
		A2C966541FC9C3AC00E07080 /* sound_green_bombe.wav in CopyFiles */ = {isa = PBXBuildFile; fileRef = A2C966411FC9C3AC00E07080 /* sound_green_bombe.wav */; };
		A2C966551FC9C3AC00E07080 /* sound_hurry_up.wav in CopyFiles */ = {isa = PBXBuildFile; fileRef = A2C966421FC9C3AC00E07080 /* sound_hurry_up.wav */; };
		A2C966561FC9C3AC00E07080 /* sound_igor_fall.wav in CopyFiles */ = {isa = PBXBuildFile; fileRef = A2C966431FC9C3AC00E07080 /* sound_igor_fall.wav */; };
		A2C966571FC9C3AC00E07080 /* sound_igor_jump.wav in CopyFiles */ = {isa = PBXBuildFile; fileRef = A2C966441FC9C3AC00E07080 /* sound_igor_jump.wav */; };
		A2C966581FC9C3AC00E07080 /* sound_kick_bombe.wav in CopyFiles */ = {isa = PBXBuildFile; fileRef = A2C966451FC9C3AC00E07080 /* sound_kick_bombe.wav */; };
		A2C966591FC9C3AC00E07080 /* sound_kill_ennemis.wav in CopyFiles */ = {isa = PBXBuildFile; fileRef = A2C966461FC9C3AC00E07080 /* sound_kill_ennemis.wav */; };
		A2C9665A1FC9C3AC00E07080 /* sound_letter_effect_object.wav in CopyFiles */ = {isa = PBXBuildFile; fileRef = A2C966471FC9C3AC00E07080 /* sound_letter_effect_object.wav */; };
		A2C9665B1FC9C3AC00E07080 /* sound_next_level.wav in CopyFiles */ = {isa = PBXBuildFile; fileRef = A2C966481FC9C3AC00E07080 /* sound_next_level.wav */; };
		A2C9665C1FC9C3AC00E07080 /* sound_normal_bombe.wav in CopyFiles */ = {isa = PBXBuildFile; fileRef = A2C966491FC9C3AC00E07080 /* sound_normal_bombe.wav */; };
		A2C9665D1FC9C3AC00E07080 /* sound_pop.wav in CopyFiles */ = {isa = PBXBuildFile; fileRef = A2C9664A1FC9C3AC00E07080 /* sound_pop.wav */; };
		A2C9665E1FC9C3AC00E07080 /* sound_put_bombe.wav in CopyFiles */ = {isa = PBXBuildFile; fileRef = A2C9664B1FC9C3AC00E07080 /* sound_put_bombe.wav */; };
		A2C9665F1FC9C3AC00E07080 /* sound_take_object.wav in CopyFiles */ = {isa = PBXBuildFile; fileRef = A2C9664C1FC9C3AC00E07080 /* sound_take_object.wav */; };
		A2C966601FC9C3AC00E07080 /* sound_teleporter.wav in CopyFiles */ = {isa = PBXBuildFile; fileRef = A2C9664D1FC9C3AC00E07080 /* sound_teleporter.wav */; };
		A2C966611FC9C3AC00E07080 /* sound_tuberculoz.wav in CopyFiles */ = {isa = PBXBuildFile; fileRef = A2C9664E1FC9C3AC00E07080 /* sound_tuberculoz.wav */; };
		A2C966681FC9C49900E07080 /* music_boss_v2.3.mp3 in CopyFiles */ = {isa = PBXBuildFile; fileRef = A2C966631FC9C49800E07080 /* music_boss_v2.3.mp3 */; };
		A2C966691FC9C49900E07080 /* music_boss.mp3 in CopyFiles */ = {isa = PBXBuildFile; fileRef = A2C966641FC9C49900E07080 /* music_boss.mp3 */; };
		A2C9666A1FC9C49900E07080 /* music_hurry_up.mp3 in CopyFiles */ = {isa = PBXBuildFile; fileRef = A2C966651FC9C49900E07080 /* music_hurry_up.mp3 */; };
		A2C9666B1FC9C49900E07080 /* music_lost_track.mp3 in CopyFiles */ = {isa = PBXBuildFile; fileRef = A2C966661FC9C49900E07080 /* music_lost_track.mp3 */; };
		A2C9666C1FC9C49900E07080 /* music_music.mp3 in CopyFiles */ = {isa = PBXBuildFile; fileRef = A2C966671FC9C49900E07080 /* music_music.mp3 */; };
/* End PBXBuildFile section */

/* Begin PBXCopyFilesBuildPhase section */
		A2C9663B1FC9C37400E07080 /* CopyFiles */ = {
			isa = PBXCopyFilesBuildPhase;
			buildActionMask = 2147483647;
			dstPath = sound;
			dstSubfolderSpec = 16;
			files = (
				A2C9664F1FC9C3AC00E07080 /* sound_black_bombe.wav in CopyFiles */,
				A2C966501FC9C3AC00E07080 /* sound_blue_bombe.wav in CopyFiles */,
				A2C966511FC9C3AC00E07080 /* sound_change_type.wav in CopyFiles */,
				A2C966521FC9C3AC00E07080 /* sound_cristal.wav in CopyFiles */,
				A2C966531FC9C3AC00E07080 /* sound_dead.wav in CopyFiles */,
				A2C966541FC9C3AC00E07080 /* sound_green_bombe.wav in CopyFiles */,
				A2C966551FC9C3AC00E07080 /* sound_hurry_up.wav in CopyFiles */,
				A2C966561FC9C3AC00E07080 /* sound_igor_fall.wav in CopyFiles */,
				A2C966571FC9C3AC00E07080 /* sound_igor_jump.wav in CopyFiles */,
				A2C966581FC9C3AC00E07080 /* sound_kick_bombe.wav in CopyFiles */,
				A2C966591FC9C3AC00E07080 /* sound_kill_ennemis.wav in CopyFiles */,
				A2C9665A1FC9C3AC00E07080 /* sound_letter_effect_object.wav in CopyFiles */,
				A2C9665B1FC9C3AC00E07080 /* sound_next_level.wav in CopyFiles */,
				A2C9665C1FC9C3AC00E07080 /* sound_normal_bombe.wav in CopyFiles */,
				A2C9665D1FC9C3AC00E07080 /* sound_pop.wav in CopyFiles */,
				A2C9665E1FC9C3AC00E07080 /* sound_put_bombe.wav in CopyFiles */,
				A2C9665F1FC9C3AC00E07080 /* sound_take_object.wav in CopyFiles */,
				A2C966601FC9C3AC00E07080 /* sound_teleporter.wav in CopyFiles */,
				A2C966611FC9C3AC00E07080 /* sound_tuberculoz.wav in CopyFiles */,
			);
			runOnlyForDeploymentPostprocessing = 0;
		};
		A2C966621FC9C48700E07080 /* CopyFiles */ = {
			isa = PBXCopyFilesBuildPhase;
			buildActionMask = 2147483647;
			dstPath = music;
			dstSubfolderSpec = 16;
			files = (
				A2C966681FC9C49900E07080 /* music_boss_v2.3.mp3 in CopyFiles */,
				A2C966691FC9C49900E07080 /* music_boss.mp3 in CopyFiles */,
				A2C9666A1FC9C49900E07080 /* music_hurry_up.mp3 in CopyFiles */,
				A2C9666B1FC9C49900E07080 /* music_lost_track.mp3 in CopyFiles */,
				A2C9666C1FC9C49900E07080 /* music_music.mp3 in CopyFiles */,
			);
			runOnlyForDeploymentPostprocessing = 0;
		};
/* End PBXCopyFilesBuildPhase section */

/* Begin PBXFileReference section */
		A2723AAE1F3EF1CB00B06E3D /* InTheWell */ = {isa = PBXFileReference; explicitFileType = "compiled.mach-o.executable"; includeInIndex = 0; path = InTheWell; sourceTree = BUILT_PRODUCTS_DIR; };
		A2723ABA1F3EF25F00B06E3D /* hammerfest */ = {isa = PBXFileReference; lastKnownFileType = folder; name = hammerfest; path = src/hammerfest; sourceTree = "<group>"; };
		A2723ABB1F3EF25F00B06E3D /* main.cpp */ = {isa = PBXFileReference; fileEncoding = 4; lastKnownFileType = sourcecode.cpp.cpp; name = main.cpp; path = src/main.cpp; sourceTree = "<group>"; };
		A2723ACE1F3EF3A600B06E3D /* SDL2_gfx.framework */ = {isa = PBXFileReference; lastKnownFileType = wrapper.framework; name = SDL2_gfx.framework; path = ../../../../../Library/Frameworks/SDL2_gfx.framework; sourceTree = "<group>"; };
		A2723ACF1F3EF3A600B06E3D /* SDL2_image.framework */ = {isa = PBXFileReference; lastKnownFileType = wrapper.framework; name = SDL2_image.framework; path = ../../../../../Library/Frameworks/SDL2_image.framework; sourceTree = "<group>"; };
		A2723AD01F3EF3A600B06E3D /* SDL2_mixer.framework */ = {isa = PBXFileReference; lastKnownFileType = wrapper.framework; name = SDL2_mixer.framework; path = ../../../../../Library/Frameworks/SDL2_mixer.framework; sourceTree = "<group>"; };
		A2723AD11F3EF3A600B06E3D /* SDL2_net.framework */ = {isa = PBXFileReference; lastKnownFileType = wrapper.framework; name = SDL2_net.framework; path = ../../../../../Library/Frameworks/SDL2_net.framework; sourceTree = "<group>"; };
		A2723AD21F3EF3A600B06E3D /* SDL2_ttf.framework */ = {isa = PBXFileReference; lastKnownFileType = wrapper.framework; name = SDL2_ttf.framework; path = ../../../../../Library/Frameworks/SDL2_ttf.framework; sourceTree = "<group>"; };
		A2723AD31F3EF3A600B06E3D /* SDL2.framework */ = {isa = PBXFileReference; lastKnownFileType = wrapper.framework; name = SDL2.framework; path = ../../../../../Library/Frameworks/SDL2.framework; sourceTree = "<group>"; };
		A2723ADA1F3EF3E400B06E3D /* Drawable.cpp */ = {isa = PBXFileReference; lastKnownFileType = sourcecode.cpp.cpp; name = Drawable.cpp; path = src/hammerfest/definition/Drawable.cpp; sourceTree = "<group>"; };
		A2723ADC1F3EF3E400B06E3D /* HitBox.cpp */ = {isa = PBXFileReference; lastKnownFileType = sourcecode.cpp.cpp; name = HitBox.cpp; path = src/hammerfest/definition/HitBox.cpp; sourceTree = "<group>"; };
		A2723ADE1F3EF3E400B06E3D /* IdElement.cpp */ = {isa = PBXFileReference; lastKnownFileType = sourcecode.cpp.cpp; name = IdElement.cpp; path = src/hammerfest/definition/IdElement.cpp; sourceTree = "<group>"; };
		A2723AE01F3EF3E400B06E3D /* Position.cpp */ = {isa = PBXFileReference; lastKnownFileType = sourcecode.cpp.cpp; name = Position.cpp; path = src/hammerfest/definition/Position.cpp; sourceTree = "<group>"; };
		A2723AE21F3EF3E400B06E3D /* Bombe.cpp */ = {isa = PBXFileReference; lastKnownFileType = sourcecode.cpp.cpp; name = Bombe.cpp; path = src/hammerfest/game/Bombe.cpp; sourceTree = "<group>"; };
		A2723AE41F3EF3E400B06E3D /* Game.cpp */ = {isa = PBXFileReference; lastKnownFileType = sourcecode.cpp.cpp; name = Game.cpp; path = src/hammerfest/game/Game.cpp; sourceTree = "<group>"; };
		A2723AE61F3EF3E400B06E3D /* Player.cpp */ = {isa = PBXFileReference; lastKnownFileType = sourcecode.cpp.cpp; name = Player.cpp; path = src/hammerfest/game/Player.cpp; sourceTree = "<group>"; };
		A2723AE81F3EF3E400B06E3D /* Hammerfest.cpp */ = {isa = PBXFileReference; lastKnownFileType = sourcecode.cpp.cpp; name = Hammerfest.cpp; path = src/hammerfest/Hammerfest.cpp; sourceTree = "<group>"; };
		A2723AEA1F3EF3E400B06E3D /* Family.cpp */ = {isa = PBXFileReference; lastKnownFileType = sourcecode.cpp.cpp; name = Family.cpp; path = src/hammerfest/item/Family.cpp; sourceTree = "<group>"; };
		A2723AEC1F3EF3E400B06E3D /* Item.cpp */ = {isa = PBXFileReference; lastKnownFileType = sourcecode.cpp.cpp; name = Item.cpp; path = src/hammerfest/item/Item.cpp; sourceTree = "<group>"; };
		A2723AEE1F3EF3E400B06E3D /* ItemFileSystem.cpp */ = {isa = PBXFileReference; lastKnownFileType = sourcecode.cpp.cpp; name = ItemFileSystem.cpp; path = src/hammerfest/item/ItemFileSystem.cpp; sourceTree = "<group>"; };
		A2723AF01F3EF3E400B06E3D /* Quest.cpp */ = {isa = PBXFileReference; lastKnownFileType = sourcecode.cpp.cpp; name = Quest.cpp; path = src/hammerfest/item/Quest.cpp; sourceTree = "<group>"; };
		A2723AF21F3EF3E400B06E3D /* Decor.cpp */ = {isa = PBXFileReference; lastKnownFileType = sourcecode.cpp.cpp; name = Decor.cpp; path = src/hammerfest/level/Decor.cpp; sourceTree = "<group>"; };
		A2723AF41F3EF3E400B06E3D /* Door.cpp */ = {isa = PBXFileReference; lastKnownFileType = sourcecode.cpp.cpp; name = Door.cpp; path = src/hammerfest/level/Door.cpp; sourceTree = "<group>"; };
		A2723AF61F3EF3E400B06E3D /* Ennemie.cpp */ = {isa = PBXFileReference; lastKnownFileType = sourcecode.cpp.cpp; name = Ennemie.cpp; path = src/hammerfest/level/Ennemie.cpp; sourceTree = "<group>"; };
		A2723AF81F3EF3E400B06E3D /* Event.cpp */ = {isa = PBXFileReference; lastKnownFileType = sourcecode.cpp.cpp; name = Event.cpp; path = src/hammerfest/level/Event.cpp; sourceTree = "<group>"; };
		A2723AFA1F3EF3E400B06E3D /* Level.cpp */ = {isa = PBXFileReference; lastKnownFileType = sourcecode.cpp.cpp; name = Level.cpp; path = src/hammerfest/level/Level.cpp; sourceTree = "<group>"; };
		A2723AFC1F3EF3E400B06E3D /* Lock.cpp */ = {isa = PBXFileReference; lastKnownFileType = sourcecode.cpp.cpp; name = Lock.cpp; path = src/hammerfest/level/Lock.cpp; sourceTree = "<group>"; };
		A2723AFE1F3EF3E400B06E3D /* Pick.cpp */ = {isa = PBXFileReference; lastKnownFileType = sourcecode.cpp.cpp; name = Pick.cpp; path = src/hammerfest/level/Pick.cpp; sourceTree = "<group>"; };
		A2723B001F3EF3E400B06E3D /* Platform.cpp */ = {isa = PBXFileReference; lastKnownFileType = sourcecode.cpp.cpp; name = Platform.cpp; path = src/hammerfest/level/Platform.cpp; sourceTree = "<group>"; };
		A2723B021F3EF3E400B06E3D /* Rayon.cpp */ = {isa = PBXFileReference; lastKnownFileType = sourcecode.cpp.cpp; name = Rayon.cpp; path = src/hammerfest/level/Rayon.cpp; sourceTree = "<group>"; };
		A2723B041F3EF3E400B06E3D /* Teleporter.cpp */ = {isa = PBXFileReference; lastKnownFileType = sourcecode.cpp.cpp; name = Teleporter.cpp; path = src/hammerfest/level/Teleporter.cpp; sourceTree = "<group>"; };
		A2723B061F3EF3E400B06E3D /* Vortex.cpp */ = {isa = PBXFileReference; lastKnownFileType = sourcecode.cpp.cpp; name = Vortex.cpp; path = src/hammerfest/level/Vortex.cpp; sourceTree = "<group>"; };
		A2723B081F3EF3E400B06E3D /* MyWrapper.cpp */ = {isa = PBXFileReference; lastKnownFileType = sourcecode.cpp.cpp; name = MyWrapper.cpp; path = src/hammerfest/MyWrapper.cpp; sourceTree = "<group>"; };
		A2723B3A1F3EF47B00B06E3D /* GameConfig.cpp */ = {isa = PBXFileReference; lastKnownFileType = sourcecode.cpp.cpp; name = GameConfig.cpp; path = src/hammerfest/utils/GameConfig.cpp; sourceTree = "<group>"; };
		A2723B3C1F3EF47B00B06E3D /* Jsoncpp.cpp */ = {isa = PBXFileReference; lastKnownFileType = sourcecode.cpp.cpp; name = Jsoncpp.cpp; path = src/hammerfest/utils/Jsoncpp.cpp; sourceTree = "<group>"; };
		A2723B3D1F3EF47B00B06E3D /* LevelService.cpp */ = {isa = PBXFileReference; lastKnownFileType = sourcecode.cpp.cpp; name = LevelService.cpp; path = src/hammerfest/utils/LevelService.cpp; sourceTree = "<group>"; };
		A2723B3F1F3EF47B00B06E3D /* Sound.cpp */ = {isa = PBXFileReference; lastKnownFileType = sourcecode.cpp.cpp; name = Sound.cpp; path = src/hammerfest/utils/Sound.cpp; sourceTree = "<group>"; };
		A2723B411F3EF47B00B06E3D /* Sprite.cpp */ = {isa = PBXFileReference; lastKnownFileType = sourcecode.cpp.cpp; name = Sprite.cpp; path = src/hammerfest/utils/Sprite.cpp; sourceTree = "<group>"; };
		A2723B431F3EF47B00B06E3D /* Text.cpp */ = {isa = PBXFileReference; lastKnownFileType = sourcecode.cpp.cpp; name = Text.cpp; path = src/hammerfest/utils/Text.cpp; sourceTree = "<group>"; };
		A2C966341FC9C14D00E07080 /* resources */ = {isa = PBXFileReference; lastKnownFileType = folder; path = resources; sourceTree = "<group>"; };
		A2C966351FC9C18F00E07080 /* sound_black_bombe.wav */ = {isa = PBXFileReference; lastKnownFileType = audio.wav; name = sound_black_bombe.wav; path = resources/sound/sound_black_bombe.wav; sourceTree = "<group>"; };
		A2C966371FC9C1A900E07080 /* sound_blue_bombe.wav */ = {isa = PBXFileReference; lastKnownFileType = audio.wav; name = sound_blue_bombe.wav; path = resources/sound/sound_blue_bombe.wav; sourceTree = "<group>"; };
		A2C966391FC9C1AD00E07080 /* sound_change_type.wav */ = {isa = PBXFileReference; lastKnownFileType = audio.wav; name = sound_change_type.wav; path = resources/sound/sound_change_type.wav; sourceTree = "<group>"; };
		A2C9663C1FC9C3AC00E07080 /* sound_black_bombe.wav */ = {isa = PBXFileReference; lastKnownFileType = audio.wav; name = sound_black_bombe.wav; path = resources/sound/sound_black_bombe.wav; sourceTree = "<group>"; };
		A2C9663D1FC9C3AC00E07080 /* sound_blue_bombe.wav */ = {isa = PBXFileReference; lastKnownFileType = audio.wav; name = sound_blue_bombe.wav; path = resources/sound/sound_blue_bombe.wav; sourceTree = "<group>"; };
		A2C9663E1FC9C3AC00E07080 /* sound_change_type.wav */ = {isa = PBXFileReference; lastKnownFileType = audio.wav; name = sound_change_type.wav; path = resources/sound/sound_change_type.wav; sourceTree = "<group>"; };
		A2C9663F1FC9C3AC00E07080 /* sound_cristal.wav */ = {isa = PBXFileReference; lastKnownFileType = audio.wav; name = sound_cristal.wav; path = resources/sound/sound_cristal.wav; sourceTree = "<group>"; };
		A2C966401FC9C3AC00E07080 /* sound_dead.wav */ = {isa = PBXFileReference; lastKnownFileType = audio.wav; name = sound_dead.wav; path = resources/sound/sound_dead.wav; sourceTree = "<group>"; };
		A2C966411FC9C3AC00E07080 /* sound_green_bombe.wav */ = {isa = PBXFileReference; lastKnownFileType = audio.wav; name = sound_green_bombe.wav; path = resources/sound/sound_green_bombe.wav; sourceTree = "<group>"; };
		A2C966421FC9C3AC00E07080 /* sound_hurry_up.wav */ = {isa = PBXFileReference; lastKnownFileType = audio.wav; name = sound_hurry_up.wav; path = resources/sound/sound_hurry_up.wav; sourceTree = "<group>"; };
		A2C966431FC9C3AC00E07080 /* sound_igor_fall.wav */ = {isa = PBXFileReference; lastKnownFileType = audio.wav; name = sound_igor_fall.wav; path = resources/sound/sound_igor_fall.wav; sourceTree = "<group>"; };
		A2C966441FC9C3AC00E07080 /* sound_igor_jump.wav */ = {isa = PBXFileReference; lastKnownFileType = audio.wav; name = sound_igor_jump.wav; path = resources/sound/sound_igor_jump.wav; sourceTree = "<group>"; };
		A2C966451FC9C3AC00E07080 /* sound_kick_bombe.wav */ = {isa = PBXFileReference; lastKnownFileType = audio.wav; name = sound_kick_bombe.wav; path = resources/sound/sound_kick_bombe.wav; sourceTree = "<group>"; };
		A2C966461FC9C3AC00E07080 /* sound_kill_ennemis.wav */ = {isa = PBXFileReference; lastKnownFileType = audio.wav; name = sound_kill_ennemis.wav; path = resources/sound/sound_kill_ennemis.wav; sourceTree = "<group>"; };
		A2C966471FC9C3AC00E07080 /* sound_letter_effect_object.wav */ = {isa = PBXFileReference; lastKnownFileType = audio.wav; name = sound_letter_effect_object.wav; path = resources/sound/sound_letter_effect_object.wav; sourceTree = "<group>"; };
		A2C966481FC9C3AC00E07080 /* sound_next_level.wav */ = {isa = PBXFileReference; lastKnownFileType = audio.wav; name = sound_next_level.wav; path = resources/sound/sound_next_level.wav; sourceTree = "<group>"; };
		A2C966491FC9C3AC00E07080 /* sound_normal_bombe.wav */ = {isa = PBXFileReference; lastKnownFileType = audio.wav; name = sound_normal_bombe.wav; path = resources/sound/sound_normal_bombe.wav; sourceTree = "<group>"; };
		A2C9664A1FC9C3AC00E07080 /* sound_pop.wav */ = {isa = PBXFileReference; lastKnownFileType = audio.wav; name = sound_pop.wav; path = resources/sound/sound_pop.wav; sourceTree = "<group>"; };
		A2C9664B1FC9C3AC00E07080 /* sound_put_bombe.wav */ = {isa = PBXFileReference; lastKnownFileType = audio.wav; name = sound_put_bombe.wav; path = resources/sound/sound_put_bombe.wav; sourceTree = "<group>"; };
		A2C9664C1FC9C3AC00E07080 /* sound_take_object.wav */ = {isa = PBXFileReference; lastKnownFileType = audio.wav; name = sound_take_object.wav; path = resources/sound/sound_take_object.wav; sourceTree = "<group>"; };
		A2C9664D1FC9C3AC00E07080 /* sound_teleporter.wav */ = {isa = PBXFileReference; lastKnownFileType = audio.wav; name = sound_teleporter.wav; path = resources/sound/sound_teleporter.wav; sourceTree = "<group>"; };
		A2C9664E1FC9C3AC00E07080 /* sound_tuberculoz.wav */ = {isa = PBXFileReference; lastKnownFileType = audio.wav; name = sound_tuberculoz.wav; path = resources/sound/sound_tuberculoz.wav; sourceTree = "<group>"; };
		A2C966631FC9C49800E07080 /* music_boss_v2.3.mp3 */ = {isa = PBXFileReference; lastKnownFileType = audio.mp3; name = music_boss_v2.3.mp3; path = resources/music/music_boss_v2.3.mp3; sourceTree = "<group>"; };
		A2C966641FC9C49900E07080 /* music_boss.mp3 */ = {isa = PBXFileReference; lastKnownFileType = audio.mp3; name = music_boss.mp3; path = resources/music/music_boss.mp3; sourceTree = "<group>"; };
		A2C966651FC9C49900E07080 /* music_hurry_up.mp3 */ = {isa = PBXFileReference; lastKnownFileType = audio.mp3; name = music_hurry_up.mp3; path = resources/music/music_hurry_up.mp3; sourceTree = "<group>"; };
		A2C966661FC9C49900E07080 /* music_lost_track.mp3 */ = {isa = PBXFileReference; lastKnownFileType = audio.mp3; name = music_lost_track.mp3; path = resources/music/music_lost_track.mp3; sourceTree = "<group>"; };
		A2C966671FC9C49900E07080 /* music_music.mp3 */ = {isa = PBXFileReference; lastKnownFileType = audio.mp3; name = music_music.mp3; path = resources/music/music_music.mp3; sourceTree = "<group>"; };
/* End PBXFileReference section */

/* Begin PBXFrameworksBuildPhase section */
		A2723AAB1F3EF1CB00B06E3D /* Frameworks */ = {
			isa = PBXFrameworksBuildPhase;
			buildActionMask = 2147483647;
			files = (
				A2723AD41F3EF3A600B06E3D /* SDL2_gfx.framework in Frameworks */,
				A2723AD51F3EF3A600B06E3D /* SDL2_image.framework in Frameworks */,
				A2723AD61F3EF3A600B06E3D /* SDL2_mixer.framework in Frameworks */,
				A2723AD71F3EF3A600B06E3D /* SDL2_net.framework in Frameworks */,
				A2723AD81F3EF3A600B06E3D /* SDL2_ttf.framework in Frameworks */,
				A2723AD91F3EF3A600B06E3D /* SDL2.framework in Frameworks */,
			);
			runOnlyForDeploymentPostprocessing = 0;
		};
/* End PBXFrameworksBuildPhase section */

/* Begin PBXGroup section */
		A2723AA51F3EF1CB00B06E3D = {
			isa = PBXGroup;
			children = (
				A2C966631FC9C49800E07080 /* music_boss_v2.3.mp3 */,
				A2C966641FC9C49900E07080 /* music_boss.mp3 */,
				A2C966651FC9C49900E07080 /* music_hurry_up.mp3 */,
				A2C966661FC9C49900E07080 /* music_lost_track.mp3 */,
				A2C966671FC9C49900E07080 /* music_music.mp3 */,
				A2C9663C1FC9C3AC00E07080 /* sound_black_bombe.wav */,
				A2C9663D1FC9C3AC00E07080 /* sound_blue_bombe.wav */,
				A2C9663E1FC9C3AC00E07080 /* sound_change_type.wav */,
				A2C9663F1FC9C3AC00E07080 /* sound_cristal.wav */,
				A2C966401FC9C3AC00E07080 /* sound_dead.wav */,
				A2C966411FC9C3AC00E07080 /* sound_green_bombe.wav */,
				A2C966421FC9C3AC00E07080 /* sound_hurry_up.wav */,
				A2C966431FC9C3AC00E07080 /* sound_igor_fall.wav */,
				A2C966441FC9C3AC00E07080 /* sound_igor_jump.wav */,
				A2C966451FC9C3AC00E07080 /* sound_kick_bombe.wav */,
				A2C966461FC9C3AC00E07080 /* sound_kill_ennemis.wav */,
				A2C966471FC9C3AC00E07080 /* sound_letter_effect_object.wav */,
				A2C966481FC9C3AC00E07080 /* sound_next_level.wav */,
				A2C966491FC9C3AC00E07080 /* sound_normal_bombe.wav */,
				A2C9664A1FC9C3AC00E07080 /* sound_pop.wav */,
				A2C9664B1FC9C3AC00E07080 /* sound_put_bombe.wav */,
				A2C9664C1FC9C3AC00E07080 /* sound_take_object.wav */,
				A2C9664D1FC9C3AC00E07080 /* sound_teleporter.wav */,
				A2C9664E1FC9C3AC00E07080 /* sound_tuberculoz.wav */,
				A2C966391FC9C1AD00E07080 /* sound_change_type.wav */,
				A2C966371FC9C1A900E07080 /* sound_blue_bombe.wav */,
				A2C966351FC9C18F00E07080 /* sound_black_bombe.wav */,
				A2723B3A1F3EF47B00B06E3D /* GameConfig.cpp */,
				A2723B3C1F3EF47B00B06E3D /* Jsoncpp.cpp */,
				A2723B3D1F3EF47B00B06E3D /* LevelService.cpp */,
				A2723B3F1F3EF47B00B06E3D /* Sound.cpp */,
				A2723B411F3EF47B00B06E3D /* Sprite.cpp */,
				A2723B431F3EF47B00B06E3D /* Text.cpp */,
				A2723ADA1F3EF3E400B06E3D /* Drawable.cpp */,
				A2723ADC1F3EF3E400B06E3D /* HitBox.cpp */,
				A2723ADE1F3EF3E400B06E3D /* IdElement.cpp */,
				A2723AE01F3EF3E400B06E3D /* Position.cpp */,
				A2723AE21F3EF3E400B06E3D /* Bombe.cpp */,
				A2723AE41F3EF3E400B06E3D /* Game.cpp */,
				A2723AE61F3EF3E400B06E3D /* Player.cpp */,
				A2723AE81F3EF3E400B06E3D /* Hammerfest.cpp */,
				A2723AEA1F3EF3E400B06E3D /* Family.cpp */,
				A2723AEC1F3EF3E400B06E3D /* Item.cpp */,
				A2723AEE1F3EF3E400B06E3D /* ItemFileSystem.cpp */,
				A2723AF01F3EF3E400B06E3D /* Quest.cpp */,
				A2723AF21F3EF3E400B06E3D /* Decor.cpp */,
				A2723AF41F3EF3E400B06E3D /* Door.cpp */,
				A2723AF61F3EF3E400B06E3D /* Ennemie.cpp */,
				A2723AF81F3EF3E400B06E3D /* Event.cpp */,
				A2723AFA1F3EF3E400B06E3D /* Level.cpp */,
				A2723AFC1F3EF3E400B06E3D /* Lock.cpp */,
				A2723AFE1F3EF3E400B06E3D /* Pick.cpp */,
				A2723B001F3EF3E400B06E3D /* Platform.cpp */,
				A2723B021F3EF3E400B06E3D /* Rayon.cpp */,
				A2723B041F3EF3E400B06E3D /* Teleporter.cpp */,
				A2723B061F3EF3E400B06E3D /* Vortex.cpp */,
				A2723B081F3EF3E400B06E3D /* MyWrapper.cpp */,
				A2723ACE1F3EF3A600B06E3D /* SDL2_gfx.framework */,
				A2723ACF1F3EF3A600B06E3D /* SDL2_image.framework */,
				A2723AD01F3EF3A600B06E3D /* SDL2_mixer.framework */,
				A2723AD11F3EF3A600B06E3D /* SDL2_net.framework */,
				A2723AD21F3EF3A600B06E3D /* SDL2_ttf.framework */,
				A2723AD31F3EF3A600B06E3D /* SDL2.framework */,
				A2723AAF1F3EF1CB00B06E3D /* Products */,
				A2723ABA1F3EF25F00B06E3D /* hammerfest */,
				A2723ABB1F3EF25F00B06E3D /* main.cpp */,
				A2C966341FC9C14D00E07080 /* resources */,
			);
			sourceTree = "<group>";
		};
		A2723AAF1F3EF1CB00B06E3D /* Products */ = {
			isa = PBXGroup;
			children = (
				A2723AAE1F3EF1CB00B06E3D /* InTheWell */,
			);
			name = Products;
			sourceTree = "<group>";
		};
/* End PBXGroup section */

/* Begin PBXNativeTarget section */
		A2723AAD1F3EF1CB00B06E3D /* InTheWell */ = {
			isa = PBXNativeTarget;
			buildConfigurationList = A2723AB51F3EF1CB00B06E3D /* Build configuration list for PBXNativeTarget "InTheWell" */;
			buildPhases = (
				A2723AAA1F3EF1CB00B06E3D /* Sources */,
				A2723AAB1F3EF1CB00B06E3D /* Frameworks */,
				A2C9663B1FC9C37400E07080 /* CopyFiles */,
				A2C966621FC9C48700E07080 /* CopyFiles */,
			);
			buildRules = (
			);
			dependencies = (
			);
			name = InTheWell;
			productName = InTheWell;
			productReference = A2723AAE1F3EF1CB00B06E3D /* InTheWell */;
			productType = "com.apple.product-type.tool";
		};
/* End PBXNativeTarget section */

/* Begin PBXProject section */
		A2723AA61F3EF1CB00B06E3D /* Project object */ = {
			isa = PBXProject;
			attributes = {
				LastUpgradeCheck = 0730;
				ORGANIZATIONNAME = InTheWell;
				TargetAttributes = {
					A2723AAD1F3EF1CB00B06E3D = {
						CreatedOnToolsVersion = 7.3.1;
					};
				};
			};
			buildConfigurationList = A2723AA91F3EF1CB00B06E3D /* Build configuration list for PBXProject "InTheWell" */;
			compatibilityVersion = "Xcode 3.2";
			developmentRegion = English;
			hasScannedForEncodings = 0;
			knownRegions = (
				en,
			);
			mainGroup = A2723AA51F3EF1CB00B06E3D;
			productRefGroup = A2723AAF1F3EF1CB00B06E3D /* Products */;
			projectDirPath = "";
			projectRoot = "";
			targets = (
				A2723AAD1F3EF1CB00B06E3D /* InTheWell */,
			);
		};
/* End PBXProject section */

/* Begin PBXSourcesBuildPhase section */
		A2723AAA1F3EF1CB00B06E3D /* Sources */ = {
			isa = PBXSourcesBuildPhase;
			buildActionMask = 2147483647;
			files = (
				A2723ABC1F3EF25F00B06E3D /* main.cpp in Sources */,
				A2723B0A1F3EF3E400B06E3D /* Drawable.cpp in Sources */,
				A2723B0C1F3EF3E400B06E3D /* HitBox.cpp in Sources */,
				A2723B0E1F3EF3E400B06E3D /* IdElement.cpp in Sources */,
				A2723B101F3EF3E400B06E3D /* Position.cpp in Sources */,
				A2723B451F3EF47B00B06E3D /* GameConfig.cpp in Sources */,
				A2723B471F3EF47B00B06E3D /* Jsoncpp.cpp in Sources */,
				A2723B481F3EF47B00B06E3D /* LevelService.cpp in Sources */,
				A2723B4A1F3EF47B00B06E3D /* Sound.cpp in Sources */,
				A2723B4C1F3EF47B00B06E3D /* Sprite.cpp in Sources */,
				A2723B4E1F3EF47B00B06E3D /* Text.cpp in Sources */,
				A2723B121F3EF3E400B06E3D /* Bombe.cpp in Sources */,
				A2723B141F3EF3E400B06E3D /* Game.cpp in Sources */,
				A2723B161F3EF3E400B06E3D /* Player.cpp in Sources */,
				A2723B181F3EF3E400B06E3D /* Hammerfest.cpp in Sources */,
				A2723B1A1F3EF3E400B06E3D /* Family.cpp in Sources */,
				A2723B1C1F3EF3E400B06E3D /* Item.cpp in Sources */,
				A2723B1E1F3EF3E400B06E3D /* ItemFileSystem.cpp in Sources */,
				A2723B201F3EF3E400B06E3D /* Quest.cpp in Sources */,
				A2723B221F3EF3E400B06E3D /* Decor.cpp in Sources */,
				A2723B241F3EF3E400B06E3D /* Door.cpp in Sources */,
				A2723B261F3EF3E400B06E3D /* Ennemie.cpp in Sources */,
				A2723B281F3EF3E400B06E3D /* Event.cpp in Sources */,
				A2723B2A1F3EF3E400B06E3D /* Level.cpp in Sources */,
				A2723B2C1F3EF3E400B06E3D /* Lock.cpp in Sources */,
				A2723B2E1F3EF3E400B06E3D /* Pick.cpp in Sources */,
				A2723B301F3EF3E400B06E3D /* Platform.cpp in Sources */,
				A2723B321F3EF3E400B06E3D /* Rayon.cpp in Sources */,
				A2723B341F3EF3E400B06E3D /* Teleporter.cpp in Sources */,
				A2723B361F3EF3E400B06E3D /* Vortex.cpp in Sources */,
			);
			runOnlyForDeploymentPostprocessing = 0;
		};
/* End PBXSourcesBuildPhase section */

/* Begin XCBuildConfiguration section */
		A2723AB31F3EF1CB00B06E3D /* Debug */ = {
			isa = XCBuildConfiguration;
			buildSettings = {
				ALWAYS_SEARCH_USER_PATHS = NO;
				CLANG_ANALYZER_NONNULL = YES;
				CLANG_CXX_LANGUAGE_STANDARD = "gnu++0x";
				CLANG_CXX_LIBRARY = "libc++";
				CLANG_ENABLE_MODULES = YES;
				CLANG_ENABLE_OBJC_ARC = YES;
				CLANG_WARN_BOOL_CONVERSION = YES;
				CLANG_WARN_CONSTANT_CONVERSION = YES;
				CLANG_WARN_DIRECT_OBJC_ISA_USAGE = YES_ERROR;
				CLANG_WARN_EMPTY_BODY = YES;
				CLANG_WARN_ENUM_CONVERSION = YES;
				CLANG_WARN_INT_CONVERSION = YES;
				CLANG_WARN_OBJC_ROOT_CLASS = YES_ERROR;
				CLANG_WARN_UNREACHABLE_CODE = YES;
				CLANG_WARN__DUPLICATE_METHOD_MATCH = YES;
				CODE_SIGN_IDENTITY = "-";
				COPY_PHASE_STRIP = NO;
				DEBUG_INFORMATION_FORMAT = dwarf;
				ENABLE_STRICT_OBJC_MSGSEND = YES;
				ENABLE_TESTABILITY = YES;
				GCC_C_LANGUAGE_STANDARD = gnu99;
				GCC_DYNAMIC_NO_PIC = NO;
				GCC_NO_COMMON_BLOCKS = YES;
				GCC_OPTIMIZATION_LEVEL = 0;
				GCC_PREPROCESSOR_DEFINITIONS = (
					"DEBUG=1",
					"$(inherited)",
				);
				GCC_WARN_64_TO_32_BIT_CONVERSION = YES;
				GCC_WARN_ABOUT_RETURN_TYPE = YES_ERROR;
				GCC_WARN_UNDECLARED_SELECTOR = YES;
				GCC_WARN_UNINITIALIZED_AUTOS = YES_AGGRESSIVE;
				GCC_WARN_UNUSED_FUNCTION = YES;
				GCC_WARN_UNUSED_VARIABLE = YES;
				MACOSX_DEPLOYMENT_TARGET = 10.11;
				MTL_ENABLE_DEBUG_INFO = YES;
				ONLY_ACTIVE_ARCH = YES;
				SDKROOT = macosx;
			};
			name = Debug;
		};
		A2723AB41F3EF1CB00B06E3D /* Release */ = {
			isa = XCBuildConfiguration;
			buildSettings = {
				ALWAYS_SEARCH_USER_PATHS = NO;
				CLANG_ANALYZER_NONNULL = YES;
				CLANG_CXX_LANGUAGE_STANDARD = "gnu++0x";
				CLANG_CXX_LIBRARY = "libc++";
				CLANG_ENABLE_MODULES = YES;
				CLANG_ENABLE_OBJC_ARC = YES;
				CLANG_WARN_BOOL_CONVERSION = YES;
				CLANG_WARN_CONSTANT_CONVERSION = YES;
				CLANG_WARN_DIRECT_OBJC_ISA_USAGE = YES_ERROR;
				CLANG_WARN_EMPTY_BODY = YES;
				CLANG_WARN_ENUM_CONVERSION = YES;
				CLANG_WARN_INT_CONVERSION = YES;
				CLANG_WARN_OBJC_ROOT_CLASS = YES_ERROR;
				CLANG_WARN_UNREACHABLE_CODE = YES;
				CLANG_WARN__DUPLICATE_METHOD_MATCH = YES;
				CODE_SIGN_IDENTITY = "-";
				COPY_PHASE_STRIP = NO;
				DEBUG_INFORMATION_FORMAT = "dwarf-with-dsym";
				ENABLE_NS_ASSERTIONS = NO;
				ENABLE_STRICT_OBJC_MSGSEND = YES;
				GCC_C_LANGUAGE_STANDARD = gnu99;
				GCC_NO_COMMON_BLOCKS = YES;
				GCC_WARN_64_TO_32_BIT_CONVERSION = YES;
				GCC_WARN_ABOUT_RETURN_TYPE = YES_ERROR;
				GCC_WARN_UNDECLARED_SELECTOR = YES;
				GCC_WARN_UNINITIALIZED_AUTOS = YES_AGGRESSIVE;
				GCC_WARN_UNUSED_FUNCTION = YES;
				GCC_WARN_UNUSED_VARIABLE = YES;
				MACOSX_DEPLOYMENT_TARGET = 10.11;
				MTL_ENABLE_DEBUG_INFO = NO;
				SDKROOT = macosx;
			};
			name = Release;
		};
		A2723AB61F3EF1CB00B06E3D /* Debug */ = {
			isa = XCBuildConfiguration;
			buildSettings = {
				ARCHS = "$(ARCHS_STANDARD)";
				FRAMEWORK_SEARCH_PATHS = (
					"$(inherited)",
					"$(LOCAL_LIBRARY_DIR)/Frameworks",
				);
				OTHER_CFLAGS = "-DIS_OSX";
				OTHER_CPLUSPLUSFLAGS = "-DIS_OSX";
				"OTHER_CPLUSPLUSFLAGS[arch=*]" = "$(OTHER_CFLAGS)";
				PRODUCT_NAME = "$(TARGET_NAME)";
				SUPPORTED_PLATFORMS = macosx;
			};
			name = Debug;
		};
		A2723AB71F3EF1CB00B06E3D /* Release */ = {
			isa = XCBuildConfiguration;
			buildSettings = {
				ARCHS = "$(ARCHS_STANDARD)";
				FRAMEWORK_SEARCH_PATHS = (
					"$(inherited)",
					"$(LOCAL_LIBRARY_DIR)/Frameworks",
				);
				OTHER_CFLAGS = "-DIS_OSX";
				OTHER_CPLUSPLUSFLAGS = "-DIS_OSX";
				"OTHER_CPLUSPLUSFLAGS[arch=*]" = "-DIS_OSX";
				PRODUCT_NAME = "$(TARGET_NAME)";
				SUPPORTED_PLATFORMS = macosx;
			};
			name = Release;
		};
/* End XCBuildConfiguration section */

/* Begin XCConfigurationList section */
		A2723AA91F3EF1CB00B06E3D /* Build configuration list for PBXProject "InTheWell" */ = {
			isa = XCConfigurationList;
			buildConfigurations = (
				A2723AB31F3EF1CB00B06E3D /* Debug */,
				A2723AB41F3EF1CB00B06E3D /* Release */,
			);
			defaultConfigurationIsVisible = 0;
			defaultConfigurationName = Release;
		};
		A2723AB51F3EF1CB00B06E3D /* Build configuration list for PBXNativeTarget "InTheWell" */ = {
			isa = XCConfigurationList;
			buildConfigurations = (
				A2723AB61F3EF1CB00B06E3D /* Debug */,
				A2723AB71F3EF1CB00B06E3D /* Release */,
			);
			defaultConfigurationIsVisible = 0;
			defaultConfigurationName = Release;
		};
/* End XCConfigurationList section */
	};
	rootObject = A2723AA61F3EF1CB00B06E3D /* Project object */;
}
