<?xml version="1.0" encoding="utf-8"?>
<Project ToolsVersion="4.0" xmlns="http://schemas.microsoft.com/developer/msbuild/2003">
  <ItemGroup>
    <Filter Include="Fichiers sources">
      <UniqueIdentifier>{4FC737F1-C7A5-4376-A066-2A32D752A2FF}</UniqueIdentifier>
      <Extensions>cpp;c;cc;cxx;def;odl;idl;hpj;bat;asm;asmx</Extensions>
    </Filter>
    <Filter Include="Fichiers d%27en-tête">
      <UniqueIdentifier>{93995380-89BD-4b04-88EB-625FBE52EBFB}</UniqueIdentifier>
      <Extensions>h;hh;hpp;hxx;hm;inl;inc;xsd</Extensions>
    </Filter>
    <Filter Include="Fichiers de ressources">
      <UniqueIdentifier>{67DA6AB6-F800-4c08-8B7A-83BB121AAD01}</UniqueIdentifier>
      <Extensions>rc;ico;cur;bmp;dlg;rc2;rct;bin;rgs;gif;jpg;jpeg;jpe;resx;tiff;tif;png;wav;mfcribbon-ms</Extensions>
    </Filter>
  </ItemGroup>
  <ItemGroup>
    <ClCompile Include="src\main.cpp">
      <Filter>Fichiers sources</Filter>
    </ClCompile>
    <ClCompile Include="src\hammerfest\Hammerfest.cpp">
      <Filter>Fichiers sources</Filter>
    </ClCompile>
    <ClCompile Include="src\hammerfest\utils\GameConfig.cpp">
      <Filter>Fichiers sources</Filter>
    </ClCompile>
    <ClCompile Include="src\hammerfest\utils\Jsoncpp.cpp">
      <Filter>Fichiers sources</Filter>
    </ClCompile>
    <ClCompile Include="src\hammerfest\utils\LevelService.cpp">
      <Filter>Fichiers sources</Filter>
    </ClCompile>
    <ClCompile Include="src\hammerfest\utils\Sound.cpp">
      <Filter>Fichiers sources</Filter>
    </ClCompile>
    <ClCompile Include="src\hammerfest\utils\Sprite.cpp">
      <Filter>Fichiers sources</Filter>
    </ClCompile>
    <ClCompile Include="src\hammerfest\utils\Text.cpp">
      <Filter>Fichiers sources</Filter>
    </ClCompile>
    <ClCompile Include="src\hammerfest\level\Decor.cpp">
      <Filter>Fichiers sources</Filter>
    </ClCompile>
    <ClCompile Include="src\hammerfest\level\Door.cpp">
      <Filter>Fichiers sources</Filter>
    </ClCompile>
    <ClCompile Include="src\hammerfest\level\Event.cpp">
      <Filter>Fichiers sources</Filter>
    </ClCompile>
    <ClCompile Include="src\hammerfest\level\Level.cpp">
      <Filter>Fichiers sources</Filter>
    </ClCompile>
    <ClCompile Include="src\hammerfest\level\Lock.cpp">
      <Filter>Fichiers sources</Filter>
    </ClCompile>
    <ClCompile Include="src\hammerfest\level\Pick.cpp">
      <Filter>Fichiers sources</Filter>
    </ClCompile>
    <ClCompile Include="src\hammerfest\level\Platform.cpp">
      <Filter>Fichiers sources</Filter>
    </ClCompile>
    <ClCompile Include="src\hammerfest\level\Rayon.cpp">
      <Filter>Fichiers sources</Filter>
    </ClCompile>
    <ClCompile Include="src\hammerfest\level\Teleporter.cpp">
      <Filter>Fichiers sources</Filter>
    </ClCompile>
    <ClCompile Include="src\hammerfest\level\Vortex.cpp">
      <Filter>Fichiers sources</Filter>
    </ClCompile>
    <ClCompile Include="src\hammerfest\item\Family.cpp">
      <Filter>Fichiers sources</Filter>
    </ClCompile>
    <ClCompile Include="src\hammerfest\item\Item.cpp">
      <Filter>Fichiers sources</Filter>
    </ClCompile>
    <ClCompile Include="src\hammerfest\item\ItemFileSystem.cpp">
      <Filter>Fichiers sources</Filter>
    </ClCompile>
    <ClCompile Include="src\hammerfest\item\Quest.cpp">
      <Filter>Fichiers sources</Filter>
    </ClCompile>
    <ClCompile Include="src\hammerfest\game\Bombe.cpp">
      <Filter>Fichiers sources</Filter>
    </ClCompile>
    <ClCompile Include="src\hammerfest\game\Game.cpp">
      <Filter>Fichiers sources</Filter>
    </ClCompile>
    <ClCompile Include="src\hammerfest\game\Player.cpp">
      <Filter>Fichiers sources</Filter>
    </ClCompile>
    <ClCompile Include="src\hammerfest\definition\Drawable.cpp">
      <Filter>Fichiers sources</Filter>
    </ClCompile>
    <ClCompile Include="src\hammerfest\definition\HitBox.cpp">
      <Filter>Fichiers sources</Filter>
    </ClCompile>
    <ClCompile Include="src\hammerfest\definition\IdElement.cpp">
      <Filter>Fichiers sources</Filter>
    </ClCompile>
    <ClCompile Include="src\hammerfest\definition\Position.cpp">
      <Filter>Fichiers sources</Filter>
    </ClCompile>
    <ClCompile Include="src\hammerfest\level\ennemies\Ennemie.cpp">
      <Filter>Fichiers sources</Filter>
    </ClCompile>
    <ClCompile Include="src\hammerfest\level\ennemies\Cerise.cpp">
      <Filter>Fichiers sources</Filter>
    </ClCompile>
  </ItemGroup>
  <ItemGroup>
    <ClInclude Include="src\hammerfest\Hammerfest.h">
      <Filter>Fichiers sources</Filter>
    </ClInclude>
    <ClInclude Include="src\hammerfest\utils\GameConfig.h">
      <Filter>Fichiers sources</Filter>
    </ClInclude>
    <ClInclude Include="src\hammerfest\utils\LevelService.h">
      <Filter>Fichiers sources</Filter>
    </ClInclude>
    <ClInclude Include="src\hammerfest\utils\Sound.h">
      <Filter>Fichiers sources</Filter>
    </ClInclude>
    <ClInclude Include="src\hammerfest\utils\Sprite.h">
      <Filter>Fichiers sources</Filter>
    </ClInclude>
    <ClInclude Include="src\hammerfest\utils\Text.h">
      <Filter>Fichiers sources</Filter>
    </ClInclude>
    <ClInclude Include="src\hammerfest\level\Decor.h">
      <Filter>Fichiers sources</Filter>
    </ClInclude>
    <ClInclude Include="src\hammerfest\level\Door.h">
      <Filter>Fichiers sources</Filter>
    </ClInclude>
    <ClInclude Include="src\hammerfest\level\Event.h">
      <Filter>Fichiers sources</Filter>
    </ClInclude>
    <ClInclude Include="src\hammerfest\level\Level.h">
      <Filter>Fichiers sources</Filter>
    </ClInclude>
    <ClInclude Include="src\hammerfest\level\Lock.h">
      <Filter>Fichiers sources</Filter>
    </ClInclude>
    <ClInclude Include="src\hammerfest\level\Pick.h">
      <Filter>Fichiers sources</Filter>
    </ClInclude>
    <ClInclude Include="src\hammerfest\level\Platform.h">
      <Filter>Fichiers sources</Filter>
    </ClInclude>
    <ClInclude Include="src\hammerfest\level\Rayon.h">
      <Filter>Fichiers sources</Filter>
    </ClInclude>
    <ClInclude Include="src\hammerfest\level\Teleporter.h">
      <Filter>Fichiers sources</Filter>
    </ClInclude>
    <ClInclude Include="src\hammerfest\level\Vortex.h">
      <Filter>Fichiers sources</Filter>
    </ClInclude>
    <ClInclude Include="src\hammerfest\item\Quest.h">
      <Filter>Fichiers sources</Filter>
    </ClInclude>
    <ClInclude Include="src\hammerfest\item\Family.h">
      <Filter>Fichiers sources</Filter>
    </ClInclude>
    <ClInclude Include="src\hammerfest\item\Item.h">
      <Filter>Fichiers sources</Filter>
    </ClInclude>
    <ClInclude Include="src\hammerfest\item\ItemFileSystem.h">
      <Filter>Fichiers sources</Filter>
    </ClInclude>
    <ClInclude Include="src\hammerfest\game\Bombe.h">
      <Filter>Fichiers sources</Filter>
    </ClInclude>
    <ClInclude Include="src\hammerfest\game\Game.h">
      <Filter>Fichiers sources</Filter>
    </ClInclude>
    <ClInclude Include="src\hammerfest\game\Player.h">
      <Filter>Fichiers sources</Filter>
    </ClInclude>
    <ClInclude Include="src\hammerfest\definition\Drawable.h">
      <Filter>Fichiers sources</Filter>
    </ClInclude>
    <ClInclude Include="src\hammerfest\definition\HitBox.h">
      <Filter>Fichiers sources</Filter>
    </ClInclude>
    <ClInclude Include="src\hammerfest\definition\IdElement.h">
      <Filter>Fichiers sources</Filter>
    </ClInclude>
    <ClInclude Include="src\hammerfest\definition\Position.h">
      <Filter>Fichiers sources</Filter>
    </ClInclude>
    <ClInclude Include="src\hammerfest\level\ennemies\Ennemie.h">
      <Filter>Fichiers sources</Filter>
    </ClInclude>
    <ClInclude Include="src\hammerfest\level\ennemies\Cerise.h">
      <Filter>Fichiers sources</Filter>
    </ClInclude>
  </ItemGroup>
</Project>